
Microsoft Visual Studio Solution File, Format Version 12.00
# Visual Studio 15
VisualStudioVersion = 15.0.27004.2009
MinimumVisualStudioVersion = 10.0.40219.1
Project("{FAE04EC0-301F-11D3-BF4B-00C04F79EFBC}") = "genAlgorithm", "genAlgorithm\genAlgorithm.csproj", "{336C1F06-F524-45B8-804D-EE0C47907F4F}"
EndProject
Global
	GlobalSection(SolutionConfigurationPlatforms) = preSolution
		Debug|Any CPU = Debug|Any CPU
		Release|Any CPU = Release|Any CPU
	EndGlobalSection
	GlobalSection(ProjectConfigurationPlatforms) = postSolution
		{336C1F06-F524-45B8-804D-EE0C47907F4F}.Debug|Any CPU.ActiveCfg = Debug|Any CPU
		{336C1F06-F524-45B8-804D-EE0C47907F4F}.Debug|Any CPU.Build.0 = Debug|Any CPU
		{336C1F06-F524-45B8-804D-EE0C47907F4F}.Release|Any CPU.ActiveCfg = Release|Any CPU
		{336C1F06-F524-45B8-804D-EE0C47907F4F}.Release|Any CPU.Build.0 = Release|Any CPU
	EndGlobalSection
	GlobalSection(SolutionProperties) = preSolution
		HideSolutionNode = FALSE
	EndGlobalSection
	GlobalSection(ExtensibilityGlobals) = postSolution
		SolutionGuid = {57B037AB-884C-42D1-89D7-7F1972806B81}
	EndGlobalSection
EndGlobal
